<?xml version="1.0" encoding="utf-8"?>
<Project ToolsVersion="4.0" xmlns="http://schemas.microsoft.com/developer/msbuild/2003">
  <ItemGroup>
    <Filter Include="资源文件">
      <UniqueIdentifier>{67DA6AB6-F800-4c08-8B7A-83BB121AAD01}</UniqueIdentifier>
      <Extensions>rc;ico;cur;bmp;dlg;rc2;rct;bin;rgs;gif;jpg;jpeg;jpe;resx;tiff;tif;png;wav;mfcribbon-ms</Extensions>
    </Filter>
    <Filter Include="nbt">
      <UniqueIdentifier>{4558e65a-c8ad-4b33-9f6d-238bb9a6d910}</UniqueIdentifier>
    </Filter>
    <Filter Include="Utils">
      <UniqueIdentifier>{bd7fea26-e624-4a50-84b6-45909bb9bfae}</UniqueIdentifier>
    </Filter>
    <Filter Include="IdsHelper">
      <UniqueIdentifier>{0444953c-b5ab-403a-8e18-d78611d2ffd9}</UniqueIdentifier>
    </Filter>
    <Filter Include="Base">
      <UniqueIdentifier>{7b3483c7-90eb-45c3-b2a0-3f32b2db20cd}</UniqueIdentifier>
    </Filter>
  </ItemGroup>
  <ItemGroup>
    <ClInclude Include="..\third-party\nbt-cpp\include\nbt.hpp">
      <Filter>nbt</Filter>
    </ClInclude>
    <ClInclude Include="..\third-party\nbt-cpp\include\nbt_internal.hpp">
      <Filter>nbt</Filter>
    </ClInclude>
    <ClInclude Include="..\third-party\nbt-from-lxl\NBT.h">
      <Filter>nbt</Filter>
    </ClInclude>
    <ClInclude Include="framework.h">
      <Filter>Base</Filter>
    </ClInclude>
    <ClInclude Include="pch.h">
      <Filter>Base</Filter>
    </ClInclude>
    <ClInclude Include="SymHelper.h">
      <Filter>Utils</Filter>
    </ClInclude>
  </ItemGroup>
  <ItemGroup>
    <ClCompile Include="..\third-party\nbt-from-lxl\NBT.cpp">
      <Filter>nbt</Filter>
    </ClCompile>
    <ClCompile Include="IdsHelper.cpp">
      <Filter>IdsHelper</Filter>
    </ClCompile>
    <ClCompile Include="dllmain.cpp">
      <Filter>Base</Filter>
    </ClCompile>
    <ClCompile Include="pch.cpp">
      <Filter>Base</Filter>
    </ClCompile>
    <ClCompile Include="SymHelper.cpp">
      <Filter>Utils</Filter>
    </ClCompile>
  </ItemGroup>
  <ItemGroup>
    <Library Include="..\third-party\nbt-cpp\lib\nbt-cpp.lib">
      <Filter>nbt</Filter>
    </Library>
    <Library Include="..\lib\LiteLoader.lib">
      <Filter>Base</Filter>
    </Library>
  </ItemGroup>
</Project>