
Microsoft Visual Studio Solution File, Format Version 12.00
# Visual Studio Version 16
VisualStudioVersion = 16.0.31515.178
MinimumVisualStudioVersion = 10.0.40219.1
Project("{8BC9CEB8-8B4A-11D0-8D11-00A0C91BC942}") = "AntiMinecartCopy", "AntiMinecartCopy\AntiMinecartCopy.vcxproj", "{96571FEA-E113-4CF4-822C-D7266F55AD52}"
EndProject
Project("{8BC9CEB8-8B4A-11D0-8D11-00A0C91BC942}") = "TestSym", "testSym\testSym.vcxproj", "{9BFFFD8E-08A7-4B07-BA72-E50C0D8A515C}"
EndProject
Project("{8BC9CEB8-8B4A-11D0-8D11-00A0C91BC942}") = "OperationAgent", "OperationAgent\OperationAgent.vcxproj", "{10AF866B-17CC-45C5-BEBD-CEEDF1A016DF}"
EndProject
Project("{8BC9CEB8-8B4A-11D0-8D11-00A0C91BC942}") = "LLCheckBag", "LLCheckBag\LLCheckBag.vcxproj", "{75A4A2FE-C5EB-4128-8725-DAB567C18E6C}"
EndProject
Project("{8BC9CEB8-8B4A-11D0-8D11-00A0C91BC942}") = "AntiCutter", "AntiCutter\AntiCutter.vcxproj", "{6B4FE52C-2F9E-44A4-8956-261993A2861C}"
EndProject
Project("{8BC9CEB8-8B4A-11D0-8D11-00A0C91BC942}") = "DBStorageHelper", "DBStorageHelper\DBStorageHelper.vcxproj", "{98F68F4C-4EEF-4140-A7E6-115A93BA9CB1}"
EndProject
Project("{8BC9CEB8-8B4A-11D0-8D11-00A0C91BC942}") = "AllVoidWorld", "AllVoidWorld\AllVoidWorld.vcxproj", "{640AC6FD-FA80-4686-A579-5560851DC46E}"
EndProject
Project("{8BC9CEB8-8B4A-11D0-8D11-00A0C91BC942}") = "IdsHelper", "IdsHelper\IdsHelper.vcxproj", "{6D9B4CA9-7C3E-4E5D-913D-5CA9A7FC3A99}"
EndProject
Project("{8BC9CEB8-8B4A-11D0-8D11-00A0C91BC942}") = "GhostPortalCleaner", "CleanGhostPortal\CleanGhostPortal.vcxproj", "{BB402FCC-4307-4BA9-A2D2-7CFEA259670D}"
EndProject
Project("{8BC9CEB8-8B4A-11D0-8D11-00A0C91BC942}") = "FixTrappedChestCrash", "FixTrappedChestCrash\FixTrappedChestCrash.vcxproj", "{1EEB3BAE-3454-4BB4-9A4B-965348798EBF}"
EndProject
Project("{8BC9CEB8-8B4A-11D0-8D11-00A0C91BC942}") = "SymHelper", "SymHelper\SymHelper.vcxproj", "{3E0AA338-3A84-4E52-BF39-55335EFA4EBA}"
EndProject
Project("{8BC9CEB8-8B4A-11D0-8D11-00A0C91BC942}") = "CustomCrafting", "CustomCrafting\CustomCrafting.vcxproj", "{F9787302-AE1E-4CEE-A0A6-209AE2E72839}"
EndProject
Project("{8BC9CEB8-8B4A-11D0-8D11-00A0C91BC942}") = "FixActorAnimationControllerPlayer", "FixActorAnimationControllerPlayer\FixActorAnimationControllerPlayer.vcxproj", "{3C0DD182-3B97-4F46-B537-B54288095034}"
EndProject
Project("{8BC9CEB8-8B4A-11D0-8D11-00A0C91BC942}") = "FixMissingRecipes", "FixMissingRecipes\FixMissingRecipes.vcxproj", "{6C9C83A2-5738-4DBB-86C9-AD73F7077F92}"
EndProject
Project("{8BC9CEB8-8B4A-11D0-8D11-00A0C91BC942}") = "FixThornsCopyAndCrash", "FixThornsCopyAndCrash\FixThornsCopyAndCrash.vcxproj", "{BF123B72-AB0C-4E08-988D-C9CE9DDC5792}"
EndProject
Project("{8BC9CEB8-8B4A-11D0-8D11-00A0C91BC942}") = "LLTemplate", "LLTemplate\LLTemplate.vcxproj", "{F7FF176E-5300-4126-8447-F85A01D162CF}"
EndProject
Project("{8BC9CEB8-8B4A-11D0-8D11-00A0C91BC942}") = "ActorFlagsModifier", "ActorFlagsModifier\ActorFlagsModifier.vcxproj", "{C3B18A31-0C58-4D4A-99A4-2466CB72A745}"
EndProject
Global
	GlobalSection(SolutionConfigurationPlatforms) = preSolution
		Debug|x64 = Debug|x64
		Debug|x86 = Debug|x86
		Release|x64 = Release|x64
		Release|x86 = Release|x86
	EndGlobalSection
	GlobalSection(ProjectConfigurationPlatforms) = postSolution
		{96571FEA-E113-4CF4-822C-D7266F55AD52}.Debug|x64.ActiveCfg = Debug|x64
		{96571FEA-E113-4CF4-822C-D7266F55AD52}.Debug|x64.Build.0 = Debug|x64
		{96571FEA-E113-4CF4-822C-D7266F55AD52}.Debug|x86.ActiveCfg = Debug|Win32
		{96571FEA-E113-4CF4-822C-D7266F55AD52}.Debug|x86.Build.0 = Debug|Win32
		{96571FEA-E113-4CF4-822C-D7266F55AD52}.Release|x64.ActiveCfg = Release|x64
		{96571FEA-E113-4CF4-822C-D7266F55AD52}.Release|x64.Build.0 = Release|x64
		{96571FEA-E113-4CF4-822C-D7266F55AD52}.Release|x86.ActiveCfg = Release|Win32
		{96571FEA-E113-4CF4-822C-D7266F55AD52}.Release|x86.Build.0 = Release|Win32
		{9BFFFD8E-08A7-4B07-BA72-E50C0D8A515C}.Debug|x64.ActiveCfg = Debug|x64
		{9BFFFD8E-08A7-4B07-BA72-E50C0D8A515C}.Debug|x64.Build.0 = Debug|x64
		{9BFFFD8E-08A7-4B07-BA72-E50C0D8A515C}.Debug|x86.ActiveCfg = Debug|Win32
		{9BFFFD8E-08A7-4B07-BA72-E50C0D8A515C}.Debug|x86.Build.0 = Debug|Win32
		{9BFFFD8E-08A7-4B07-BA72-E50C0D8A515C}.Release|x64.ActiveCfg = Release|x64
		{9BFFFD8E-08A7-4B07-BA72-E50C0D8A515C}.Release|x64.Build.0 = Release|x64
		{9BFFFD8E-08A7-4B07-BA72-E50C0D8A515C}.Release|x86.ActiveCfg = Release|Win32
		{9BFFFD8E-08A7-4B07-BA72-E50C0D8A515C}.Release|x86.Build.0 = Release|Win32
		{10AF866B-17CC-45C5-BEBD-CEEDF1A016DF}.Debug|x64.ActiveCfg = Debug|x64
		{10AF866B-17CC-45C5-BEBD-CEEDF1A016DF}.Debug|x64.Build.0 = Debug|x64
		{10AF866B-17CC-45C5-BEBD-CEEDF1A016DF}.Debug|x86.ActiveCfg = Debug|Win32
		{10AF866B-17CC-45C5-BEBD-CEEDF1A016DF}.Debug|x86.Build.0 = Debug|Win32
		{10AF866B-17CC-45C5-BEBD-CEEDF1A016DF}.Release|x64.ActiveCfg = Release|x64
		{10AF866B-17CC-45C5-BEBD-CEEDF1A016DF}.Release|x64.Build.0 = Release|x64
		{10AF866B-17CC-45C5-BEBD-CEEDF1A016DF}.Release|x86.ActiveCfg = Release|Win32
		{10AF866B-17CC-45C5-BEBD-CEEDF1A016DF}.Release|x86.Build.0 = Release|Win32
		{75A4A2FE-C5EB-4128-8725-DAB567C18E6C}.Debug|x64.ActiveCfg = Debug|x64
		{75A4A2FE-C5EB-4128-8725-DAB567C18E6C}.Debug|x64.Build.0 = Debug|x64
		{75A4A2FE-C5EB-4128-8725-DAB567C18E6C}.Debug|x86.ActiveCfg = Debug|Win32
		{75A4A2FE-C5EB-4128-8725-DAB567C18E6C}.Debug|x86.Build.0 = Debug|Win32
		{75A4A2FE-C5EB-4128-8725-DAB567C18E6C}.Release|x64.ActiveCfg = Release|x64
		{75A4A2FE-C5EB-4128-8725-DAB567C18E6C}.Release|x64.Build.0 = Release|x64
		{75A4A2FE-C5EB-4128-8725-DAB567C18E6C}.Release|x86.ActiveCfg = Release|Win32
		{75A4A2FE-C5EB-4128-8725-DAB567C18E6C}.Release|x86.Build.0 = Release|Win32
		{6B4FE52C-2F9E-44A4-8956-261993A2861C}.Debug|x64.ActiveCfg = Debug|x64
		{6B4FE52C-2F9E-44A4-8956-261993A2861C}.Debug|x64.Build.0 = Debug|x64
		{6B4FE52C-2F9E-44A4-8956-261993A2861C}.Debug|x86.ActiveCfg = Debug|Win32
		{6B4FE52C-2F9E-44A4-8956-261993A2861C}.Debug|x86.Build.0 = Debug|Win32
		{6B4FE52C-2F9E-44A4-8956-261993A2861C}.Release|x64.ActiveCfg = Release|x64
		{6B4FE52C-2F9E-44A4-8956-261993A2861C}.Release|x64.Build.0 = Release|x64
		{6B4FE52C-2F9E-44A4-8956-261993A2861C}.Release|x86.ActiveCfg = Release|Win32
		{6B4FE52C-2F9E-44A4-8956-261993A2861C}.Release|x86.Build.0 = Release|Win32
		{98F68F4C-4EEF-4140-A7E6-115A93BA9CB1}.Debug|x64.ActiveCfg = Debug|x64
		{98F68F4C-4EEF-4140-A7E6-115A93BA9CB1}.Debug|x64.Build.0 = Debug|x64
		{98F68F4C-4EEF-4140-A7E6-115A93BA9CB1}.Debug|x86.ActiveCfg = Debug|Win32
		{98F68F4C-4EEF-4140-A7E6-115A93BA9CB1}.Debug|x86.Build.0 = Debug|Win32
		{98F68F4C-4EEF-4140-A7E6-115A93BA9CB1}.Release|x64.ActiveCfg = Release|x64
		{98F68F4C-4EEF-4140-A7E6-115A93BA9CB1}.Release|x64.Build.0 = Release|x64
		{98F68F4C-4EEF-4140-A7E6-115A93BA9CB1}.Release|x86.ActiveCfg = Release|Win32
		{98F68F4C-4EEF-4140-A7E6-115A93BA9CB1}.Release|x86.Build.0 = Release|Win32
		{640AC6FD-FA80-4686-A579-5560851DC46E}.Debug|x64.ActiveCfg = Debug|x64
		{640AC6FD-FA80-4686-A579-5560851DC46E}.Debug|x64.Build.0 = Debug|x64
		{640AC6FD-FA80-4686-A579-5560851DC46E}.Debug|x86.ActiveCfg = Debug|Win32
		{640AC6FD-FA80-4686-A579-5560851DC46E}.Debug|x86.Build.0 = Debug|Win32
		{640AC6FD-FA80-4686-A579-5560851DC46E}.Release|x64.ActiveCfg = Release|x64
		{640AC6FD-FA80-4686-A579-5560851DC46E}.Release|x64.Build.0 = Release|x64
		{640AC6FD-FA80-4686-A579-5560851DC46E}.Release|x86.ActiveCfg = Release|Win32
		{640AC6FD-FA80-4686-A579-5560851DC46E}.Release|x86.Build.0 = Release|Win32
		{6D9B4CA9-7C3E-4E5D-913D-5CA9A7FC3A99}.Debug|x64.ActiveCfg = Debug|x64
		{6D9B4CA9-7C3E-4E5D-913D-5CA9A7FC3A99}.Debug|x64.Build.0 = Debug|x64
		{6D9B4CA9-7C3E-4E5D-913D-5CA9A7FC3A99}.Debug|x86.ActiveCfg = Debug|Win32
		{6D9B4CA9-7C3E-4E5D-913D-5CA9A7FC3A99}.Debug|x86.Build.0 = Debug|Win32
		{6D9B4CA9-7C3E-4E5D-913D-5CA9A7FC3A99}.Release|x64.ActiveCfg = Release|x64
		{6D9B4CA9-7C3E-4E5D-913D-5CA9A7FC3A99}.Release|x64.Build.0 = Release|x64
		{6D9B4CA9-7C3E-4E5D-913D-5CA9A7FC3A99}.Release|x86.ActiveCfg = Release|Win32
		{6D9B4CA9-7C3E-4E5D-913D-5CA9A7FC3A99}.Release|x86.Build.0 = Release|Win32
		{BB402FCC-4307-4BA9-A2D2-7CFEA259670D}.Debug|x64.ActiveCfg = Debug|x64
		{BB402FCC-4307-4BA9-A2D2-7CFEA259670D}.Debug|x64.Build.0 = Debug|x64
		{BB402FCC-4307-4BA9-A2D2-7CFEA259670D}.Debug|x86.ActiveCfg = Debug|Win32
		{BB402FCC-4307-4BA9-A2D2-7CFEA259670D}.Debug|x86.Build.0 = Debug|Win32
		{BB402FCC-4307-4BA9-A2D2-7CFEA259670D}.Release|x64.ActiveCfg = Release|x64
		{BB402FCC-4307-4BA9-A2D2-7CFEA259670D}.Release|x64.Build.0 = Release|x64
		{BB402FCC-4307-4BA9-A2D2-7CFEA259670D}.Release|x86.ActiveCfg = Release|Win32
		{BB402FCC-4307-4BA9-A2D2-7CFEA259670D}.Release|x86.Build.0 = Release|Win32
		{1EEB3BAE-3454-4BB4-9A4B-965348798EBF}.Debug|x64.ActiveCfg = Debug|x64
		{1EEB3BAE-3454-4BB4-9A4B-965348798EBF}.Debug|x64.Build.0 = Debug|x64
		{1EEB3BAE-3454-4BB4-9A4B-965348798EBF}.Debug|x86.ActiveCfg = Debug|Win32
		{1EEB3BAE-3454-4BB4-9A4B-965348798EBF}.Debug|x86.Build.0 = Debug|Win32
		{1EEB3BAE-3454-4BB4-9A4B-965348798EBF}.Release|x64.ActiveCfg = Release|x64
		{1EEB3BAE-3454-4BB4-9A4B-965348798EBF}.Release|x64.Build.0 = Release|x64
		{1EEB3BAE-3454-4BB4-9A4B-965348798EBF}.Release|x86.ActiveCfg = Release|Win32
		{1EEB3BAE-3454-4BB4-9A4B-965348798EBF}.Release|x86.Build.0 = Release|Win32
		{3E0AA338-3A84-4E52-BF39-55335EFA4EBA}.Debug|x64.ActiveCfg = Debug|x64
		{3E0AA338-3A84-4E52-BF39-55335EFA4EBA}.Debug|x64.Build.0 = Debug|x64
		{3E0AA338-3A84-4E52-BF39-55335EFA4EBA}.Debug|x86.ActiveCfg = Debug|Win32
		{3E0AA338-3A84-4E52-BF39-55335EFA4EBA}.Debug|x86.Build.0 = Debug|Win32
		{3E0AA338-3A84-4E52-BF39-55335EFA4EBA}.Release|x64.ActiveCfg = Release|x64
		{3E0AA338-3A84-4E52-BF39-55335EFA4EBA}.Release|x64.Build.0 = Release|x64
		{3E0AA338-3A84-4E52-BF39-55335EFA4EBA}.Release|x86.ActiveCfg = Release|Win32
		{3E0AA338-3A84-4E52-BF39-55335EFA4EBA}.Release|x86.Build.0 = Release|Win32
		{F9787302-AE1E-4CEE-A0A6-209AE2E72839}.Debug|x64.ActiveCfg = Debug|x64
		{F9787302-AE1E-4CEE-A0A6-209AE2E72839}.Debug|x64.Build.0 = Debug|x64
		{F9787302-AE1E-4CEE-A0A6-209AE2E72839}.Debug|x86.ActiveCfg = Debug|Win32
		{F9787302-AE1E-4CEE-A0A6-209AE2E72839}.Debug|x86.Build.0 = Debug|Win32
		{F9787302-AE1E-4CEE-A0A6-209AE2E72839}.Release|x64.ActiveCfg = Release|x64
		{F9787302-AE1E-4CEE-A0A6-209AE2E72839}.Release|x64.Build.0 = Release|x64
		{F9787302-AE1E-4CEE-A0A6-209AE2E72839}.Release|x86.ActiveCfg = Release|Win32
		{F9787302-AE1E-4CEE-A0A6-209AE2E72839}.Release|x86.Build.0 = Release|Win32
		{3C0DD182-3B97-4F46-B537-B54288095034}.Debug|x64.ActiveCfg = Debug|x64
		{3C0DD182-3B97-4F46-B537-B54288095034}.Debug|x64.Build.0 = Debug|x64
		{3C0DD182-3B97-4F46-B537-B54288095034}.Debug|x86.ActiveCfg = Debug|Win32
		{3C0DD182-3B97-4F46-B537-B54288095034}.Debug|x86.Build.0 = Debug|Win32
		{3C0DD182-3B97-4F46-B537-B54288095034}.Release|x64.ActiveCfg = Release|x64
		{3C0DD182-3B97-4F46-B537-B54288095034}.Release|x64.Build.0 = Release|x64
		{3C0DD182-3B97-4F46-B537-B54288095034}.Release|x86.ActiveCfg = Release|Win32
		{3C0DD182-3B97-4F46-B537-B54288095034}.Release|x86.Build.0 = Release|Win32
		{6C9C83A2-5738-4DBB-86C9-AD73F7077F92}.Debug|x64.ActiveCfg = Debug|x64
		{6C9C83A2-5738-4DBB-86C9-AD73F7077F92}.Debug|x64.Build.0 = Debug|x64
		{6C9C83A2-5738-4DBB-86C9-AD73F7077F92}.Debug|x86.ActiveCfg = Debug|Win32
		{6C9C83A2-5738-4DBB-86C9-AD73F7077F92}.Debug|x86.Build.0 = Debug|Win32
		{6C9C83A2-5738-4DBB-86C9-AD73F7077F92}.Release|x64.ActiveCfg = Release|x64
		{6C9C83A2-5738-4DBB-86C9-AD73F7077F92}.Release|x64.Build.0 = Release|x64
		{6C9C83A2-5738-4DBB-86C9-AD73F7077F92}.Release|x86.ActiveCfg = Release|Win32
		{6C9C83A2-5738-4DBB-86C9-AD73F7077F92}.Release|x86.Build.0 = Release|Win32
		{BF123B72-AB0C-4E08-988D-C9CE9DDC5792}.Debug|x64.ActiveCfg = Debug|x64
		{BF123B72-AB0C-4E08-988D-C9CE9DDC5792}.Debug|x64.Build.0 = Debug|x64
		{BF123B72-AB0C-4E08-988D-C9CE9DDC5792}.Debug|x86.ActiveCfg = Debug|Win32
		{BF123B72-AB0C-4E08-988D-C9CE9DDC5792}.Debug|x86.Build.0 = Debug|Win32
		{BF123B72-AB0C-4E08-988D-C9CE9DDC5792}.Release|x64.ActiveCfg = Release|x64
		{BF123B72-AB0C-4E08-988D-C9CE9DDC5792}.Release|x64.Build.0 = Release|x64
		{BF123B72-AB0C-4E08-988D-C9CE9DDC5792}.Release|x86.ActiveCfg = Release|Win32
		{BF123B72-AB0C-4E08-988D-C9CE9DDC5792}.Release|x86.Build.0 = Release|Win32
		{F7FF176E-5300-4126-8447-F85A01D162CF}.Debug|x64.ActiveCfg = Debug|x64
		{F7FF176E-5300-4126-8447-F85A01D162CF}.Debug|x64.Build.0 = Debug|x64
		{F7FF176E-5300-4126-8447-F85A01D162CF}.Debug|x86.ActiveCfg = Debug|Win32
		{F7FF176E-5300-4126-8447-F85A01D162CF}.Debug|x86.Build.0 = Debug|Win32
		{F7FF176E-5300-4126-8447-F85A01D162CF}.Release|x64.ActiveCfg = Release|x64
		{F7FF176E-5300-4126-8447-F85A01D162CF}.Release|x64.Build.0 = Release|x64
		{F7FF176E-5300-4126-8447-F85A01D162CF}.Release|x86.ActiveCfg = Release|Win32
		{F7FF176E-5300-4126-8447-F85A01D162CF}.Release|x86.Build.0 = Release|Win32
		{C3B18A31-0C58-4D4A-99A4-2466CB72A745}.Debug|x64.ActiveCfg = Debug|x64
		{C3B18A31-0C58-4D4A-99A4-2466CB72A745}.Debug|x64.Build.0 = Debug|x64
		{C3B18A31-0C58-4D4A-99A4-2466CB72A745}.Debug|x86.ActiveCfg = Debug|Win32
		{C3B18A31-0C58-4D4A-99A4-2466CB72A745}.Debug|x86.Build.0 = Debug|Win32
		{C3B18A31-0C58-4D4A-99A4-2466CB72A745}.Release|x64.ActiveCfg = Release|x64
		{C3B18A31-0C58-4D4A-99A4-2466CB72A745}.Release|x64.Build.0 = Release|x64
		{C3B18A31-0C58-4D4A-99A4-2466CB72A745}.Release|x86.ActiveCfg = Release|Win32
		{C3B18A31-0C58-4D4A-99A4-2466CB72A745}.Release|x86.Build.0 = Release|Win32
	EndGlobalSection
	GlobalSection(SolutionProperties) = preSolution
		HideSolutionNode = FALSE
	EndGlobalSection
	GlobalSection(ExtensibilityGlobals) = postSolution
		SolutionGuid = {3EDF6B2A-4E0F-4E33-8980-479F6C4E8B93}
	EndGlobalSection
EndGlobal
