
Microsoft Visual Studio Solution File, Format Version 12.00
# Visual Studio Version 17
VisualStudioVersion = 17.0.31919.166
MinimumVisualStudioVersion = 10.0.40219.1
Project("{8BC9CEB8-8B4A-11D0-8D11-00A0C91BC942}") = "Template", "Template\Template.vcxproj", "{77935FE9-2CCD-4FE6-918E-772A6C11C3F3}"
EndProject
Project("{8BC9CEB8-8B4A-11D0-8D11-00A0C91BC942}") = "LLStructure", "LLStructure\LLStructure.vcxproj", "{34CDA60F-06E4-4FA3-9FF4-9532ECE3E54C}"
EndProject
Project("{8BC9CEB8-8B4A-11D0-8D11-00A0C91BC942}") = "ForceServerLog", "ForceServerLog\ForceServerLog.vcxproj", "{E99675E2-92C7-4221-A0FD-BE5E9EBDB7F0}"
EndProject
Project("{8BC9CEB8-8B4A-11D0-8D11-00A0C91BC942}") = "TestPlugin", "TestPlugin\TestPlugin.vcxproj", "{0F67A152-53F2-48EB-A92F-35B90120F203}"
EndProject
Project("{8BC9CEB8-8B4A-11D0-8D11-00A0C91BC942}") = "OperationAgent", "OperationAgent\OperationAgent.vcxproj", "{0DB5CB60-2D9A-43D1-8F4A-71666922B00B}"
EndProject
Project("{8BC9CEB8-8B4A-11D0-8D11-00A0C91BC942}") = "ActorDebug", "ActorDebug\ActorDebug.vcxproj", "{21331F16-2EF4-4E9F-A7EA-111183E71156}"
EndProject
Project("{8BC9CEB8-8B4A-11D0-8D11-00A0C91BC942}") = "LimboEntitiesCleaner", "LimboEntitiesCleaner\LimboEntitiesCleaner.vcxproj", "{F940788B-80C8-47A1-BED6-04271E8D9ADC}"
EndProject
Project("{8BC9CEB8-8B4A-11D0-8D11-00A0C91BC942}") = "FixEntitySystems", "FixEntitySystems\FixEntitySystems.vcxproj", "{83464102-FD9A-426E-B990-1F44877C08D8}"
EndProject
Project("{8BC9CEB8-8B4A-11D0-8D11-00A0C91BC942}") = "ThreadNaming", "ThreadNaming\ThreadNaming.vcxproj", "{9E346B66-C518-4C82-BD5C-DBCF16EEDC02}"
EndProject
Project("{8BC9CEB8-8B4A-11D0-8D11-00A0C91BC942}") = "TestRemoteCall", "TestRemoteCall\TestRemoteCall.vcxproj", "{A7D5827F-C8BF-4E3B-8793-6115AA76A6BB}"
EndProject
Project("{8BC9CEB8-8B4A-11D0-8D11-00A0C91BC942}") = "EndGatewayHelper", "EndGatewayHelper\EndGatewayHelper.vcxproj", "{71A2993D-B9BE-4818-82B2-E556409B2D6B}"
EndProject
Project("{8BC9CEB8-8B4A-11D0-8D11-00A0C91BC942}") = "AbilityHelper", "AbilityHelper\AbilityHelper.vcxproj", "{D7074EC5-8977-498A-B708-0C7FA248B5F3}"
EndProject
Global
	GlobalSection(SolutionConfigurationPlatforms) = preSolution
		Debug|x64 = Debug|x64
		Release|x64 = Release|x64
	EndGlobalSection
	GlobalSection(ProjectConfigurationPlatforms) = postSolution
		{77935FE9-2CCD-4FE6-918E-772A6C11C3F3}.Debug|x64.ActiveCfg = Debug|x64
		{77935FE9-2CCD-4FE6-918E-772A6C11C3F3}.Debug|x64.Build.0 = Debug|x64
		{77935FE9-2CCD-4FE6-918E-772A6C11C3F3}.Release|x64.ActiveCfg = Release|x64
		{77935FE9-2CCD-4FE6-918E-772A6C11C3F3}.Release|x64.Build.0 = Release|x64
		{34CDA60F-06E4-4FA3-9FF4-9532ECE3E54C}.Debug|x64.ActiveCfg = Debug|x64
		{34CDA60F-06E4-4FA3-9FF4-9532ECE3E54C}.Debug|x64.Build.0 = Debug|x64
		{34CDA60F-06E4-4FA3-9FF4-9532ECE3E54C}.Release|x64.ActiveCfg = Release|x64
		{34CDA60F-06E4-4FA3-9FF4-9532ECE3E54C}.Release|x64.Build.0 = Release|x64
		{E99675E2-92C7-4221-A0FD-BE5E9EBDB7F0}.Debug|x64.ActiveCfg = Debug|x64
		{E99675E2-92C7-4221-A0FD-BE5E9EBDB7F0}.Debug|x64.Build.0 = Debug|x64
		{E99675E2-92C7-4221-A0FD-BE5E9EBDB7F0}.Release|x64.ActiveCfg = Release|x64
		{E99675E2-92C7-4221-A0FD-BE5E9EBDB7F0}.Release|x64.Build.0 = Release|x64
		{0F67A152-53F2-48EB-A92F-35B90120F203}.Debug|x64.ActiveCfg = Debug|x64
		{0F67A152-53F2-48EB-A92F-35B90120F203}.Debug|x64.Build.0 = Debug|x64
		{0F67A152-53F2-48EB-A92F-35B90120F203}.Release|x64.ActiveCfg = Release|x64
		{0F67A152-53F2-48EB-A92F-35B90120F203}.Release|x64.Build.0 = Release|x64
		{0DB5CB60-2D9A-43D1-8F4A-71666922B00B}.Debug|x64.ActiveCfg = Debug|x64
		{0DB5CB60-2D9A-43D1-8F4A-71666922B00B}.Debug|x64.Build.0 = Debug|x64
		{0DB5CB60-2D9A-43D1-8F4A-71666922B00B}.Release|x64.ActiveCfg = Release|x64
		{0DB5CB60-2D9A-43D1-8F4A-71666922B00B}.Release|x64.Build.0 = Release|x64
		{21331F16-2EF4-4E9F-A7EA-111183E71156}.Debug|x64.ActiveCfg = Debug|x64
		{21331F16-2EF4-4E9F-A7EA-111183E71156}.Debug|x64.Build.0 = Debug|x64
		{21331F16-2EF4-4E9F-A7EA-111183E71156}.Release|x64.ActiveCfg = Release|x64
		{21331F16-2EF4-4E9F-A7EA-111183E71156}.Release|x64.Build.0 = Release|x64
		{F940788B-80C8-47A1-BED6-04271E8D9ADC}.Debug|x64.ActiveCfg = Debug|x64
		{F940788B-80C8-47A1-BED6-04271E8D9ADC}.Debug|x64.Build.0 = Debug|x64
		{F940788B-80C8-47A1-BED6-04271E8D9ADC}.Release|x64.ActiveCfg = Release|x64
		{F940788B-80C8-47A1-BED6-04271E8D9ADC}.Release|x64.Build.0 = Release|x64
		{83464102-FD9A-426E-B990-1F44877C08D8}.Debug|x64.ActiveCfg = Debug|x64
		{83464102-FD9A-426E-B990-1F44877C08D8}.Debug|x64.Build.0 = Debug|x64
		{83464102-FD9A-426E-B990-1F44877C08D8}.Release|x64.ActiveCfg = Release|x64
		{83464102-FD9A-426E-B990-1F44877C08D8}.Release|x64.Build.0 = Release|x64
		{9E346B66-C518-4C82-BD5C-DBCF16EEDC02}.Debug|x64.ActiveCfg = Debug|x64
		{9E346B66-C518-4C82-BD5C-DBCF16EEDC02}.Debug|x64.Build.0 = Debug|x64
		{9E346B66-C518-4C82-BD5C-DBCF16EEDC02}.Release|x64.ActiveCfg = Release|x64
		{9E346B66-C518-4C82-BD5C-DBCF16EEDC02}.Release|x64.Build.0 = Release|x64
		{A7D5827F-C8BF-4E3B-8793-6115AA76A6BB}.Debug|x64.ActiveCfg = Debug|x64
		{A7D5827F-C8BF-4E3B-8793-6115AA76A6BB}.Debug|x64.Build.0 = Debug|x64
		{A7D5827F-C8BF-4E3B-8793-6115AA76A6BB}.Release|x64.ActiveCfg = Release|x64
		{A7D5827F-C8BF-4E3B-8793-6115AA76A6BB}.Release|x64.Build.0 = Release|x64
		{71A2993D-B9BE-4818-82B2-E556409B2D6B}.Debug|x64.ActiveCfg = Debug|x64
		{71A2993D-B9BE-4818-82B2-E556409B2D6B}.Debug|x64.Build.0 = Debug|x64
		{71A2993D-B9BE-4818-82B2-E556409B2D6B}.Release|x64.ActiveCfg = Release|x64
		{71A2993D-B9BE-4818-82B2-E556409B2D6B}.Release|x64.Build.0 = Release|x64
		{D7074EC5-8977-498A-B708-0C7FA248B5F3}.Debug|x64.ActiveCfg = Debug|x64
		{D7074EC5-8977-498A-B708-0C7FA248B5F3}.Debug|x64.Build.0 = Debug|x64
		{D7074EC5-8977-498A-B708-0C7FA248B5F3}.Release|x64.ActiveCfg = Release|x64
		{D7074EC5-8977-498A-B708-0C7FA248B5F3}.Release|x64.Build.0 = Release|x64
	EndGlobalSection
	GlobalSection(SolutionProperties) = preSolution
		HideSolutionNode = FALSE
	EndGlobalSection
	GlobalSection(ExtensibilityGlobals) = postSolution
		SolutionGuid = {AB2FEF76-794B-4D12-8602-4F5380D9D896}
	EndGlobalSection
EndGlobal
