<?xml version="1.0" encoding="utf-8"?>
<Project ToolsVersion="4.0" xmlns="http://schemas.microsoft.com/developer/msbuild/2003">
  <ItemGroup>
    <Filter Include="资源文件">
      <UniqueIdentifier>{67DA6AB6-F800-4c08-8B7A-83BB121AAD01}</UniqueIdentifier>
      <Extensions>rc;ico;cur;bmp;dlg;rc2;rct;bin;rgs;gif;jpg;jpeg;jpe;resx;tiff;tif;png;wav;mfcribbon-ms</Extensions>
    </Filter>
    <Filter Include="Utils">
      <UniqueIdentifier>{7abfb0a8-c841-45a0-8d49-fcb23aacbad2}</UniqueIdentifier>
    </Filter>
    <Filter Include="Base">
      <UniqueIdentifier>{93995380-89BD-4b04-88EB-625FBE52EBFB}</UniqueIdentifier>
      <Extensions>
      </Extensions>
    </Filter>
    <Filter Include="Main">
      <UniqueIdentifier>{4FC737F1-C7A5-4376-A066-2A32D752A2FF}</UniqueIdentifier>
      <Extensions>
      </Extensions>
    </Filter>
    <Filter Include="Lib">
      <UniqueIdentifier>{4f6a0eed-ff2b-475e-99dc-c26c16ae1971}</UniqueIdentifier>
    </Filter>
  </ItemGroup>
  <ItemGroup>
    <ClInclude Include="framework.h">
      <Filter>Base</Filter>
    </ClInclude>
    <ClInclude Include="pch.h">
      <Filter>Base</Filter>
    </ClInclude>
    <ClInclude Include="SymHelper.h">
      <Filter>Utils</Filter>
    </ClInclude>
    <ClInclude Include="JsonHelper.h">
      <Filter>Utils</Filter>
    </ClInclude>
    <ClInclude Include="OperationAgent.h">
      <Filter>Main</Filter>
    </ClInclude>
    <ClInclude Include="seh_exception.hpp">
      <Filter>Base</Filter>
    </ClInclude>
    <ClInclude Include="ScheduleHelper.h">
      <Filter>Utils</Filter>
    </ClInclude>
  </ItemGroup>
  <ItemGroup>
    <ClCompile Include="OperationAgent.cpp">
      <Filter>Main</Filter>
    </ClCompile>
    <ClCompile Include="JsonHelper.cpp">
      <Filter>Utils</Filter>
    </ClCompile>
    <ClCompile Include="SymHelper.cpp">
      <Filter>Utils</Filter>
    </ClCompile>
    <ClCompile Include="dllmain.cpp">
      <Filter>Base</Filter>
    </ClCompile>
    <ClCompile Include="pch.cpp">
      <Filter>Base</Filter>
    </ClCompile>
    <ClCompile Include="ScheduleHelper.cpp">
      <Filter>Utils</Filter>
    </ClCompile>
  </ItemGroup>
  <ItemGroup>
    <Library Include="..\lib\LiteLoader.lib">
      <Filter>Lib</Filter>
    </Library>
  </ItemGroup>
</Project>