<?xml version="1.0" encoding="utf-8"?>
<Project ToolsVersion="4.0" xmlns="http://schemas.microsoft.com/developer/msbuild/2003">
  <ItemGroup>
    <Filter Include="资源文件">
      <UniqueIdentifier>{67DA6AB6-F800-4c08-8B7A-83BB121AAD01}</UniqueIdentifier>
      <Extensions>rc;ico;cur;bmp;dlg;rc2;rct;bin;rgs;gif;jpg;jpeg;jpe;resx;tiff;tif;png;wav;mfcribbon-ms</Extensions>
    </Filter>
    <Filter Include="Main">
      <UniqueIdentifier>{f9eb9064-57d7-4100-a96a-4a4925c2e886}</UniqueIdentifier>
    </Filter>
    <Filter Include="Other">
      <UniqueIdentifier>{3816f78b-a5ee-41db-873c-aa4dbf79921c}</UniqueIdentifier>
    </Filter>
    <Filter Include="Lib">
      <UniqueIdentifier>{afcb0cc5-e520-43c8-a3a1-90421f8e2c27}</UniqueIdentifier>
    </Filter>
    <Filter Include="Utils">
      <UniqueIdentifier>{2f047482-2932-46ac-b1c9-9b01124720c9}</UniqueIdentifier>
    </Filter>
    <Filter Include="third-party">
      <UniqueIdentifier>{d1d252cb-50b5-466f-8dbe-627043dbd286}</UniqueIdentifier>
    </Filter>
    <Filter Include="Core">
      <UniqueIdentifier>{1a0a1811-f645-4e1b-874e-e7520f10a29b}</UniqueIdentifier>
    </Filter>
  </ItemGroup>
  <ItemGroup>
    <ClInclude Include="framework.h">
      <Filter>Other</Filter>
    </ClInclude>
    <ClInclude Include="pch.h">
      <Filter>Other</Filter>
    </ClInclude>
    <ClInclude Include="SymHelper.h">
      <Filter>Utils</Filter>
    </ClInclude>
    <ClInclude Include="DBStorageHelper.h">
      <Filter>Main</Filter>
    </ClInclude>
    <ClInclude Include="ChunkData.h">
      <Filter>Main</Filter>
    </ClInclude>
    <ClInclude Include="Utils.h">
      <Filter>Utils</Filter>
    </ClInclude>
    <ClInclude Include="DBStorage.h">
      <Filter>Core</Filter>
    </ClInclude>
  </ItemGroup>
  <ItemGroup>
    <ClCompile Include="dllmain.cpp">
      <Filter>Other</Filter>
    </ClCompile>
    <ClCompile Include="pch.cpp">
      <Filter>Other</Filter>
    </ClCompile>
    <ClCompile Include="Main.cpp">
      <Filter>Main</Filter>
    </ClCompile>
    <ClCompile Include="SymHelper.cpp">
      <Filter>Utils</Filter>
    </ClCompile>
    <ClCompile Include="DBStorageHelper.cpp">
      <Filter>Main</Filter>
    </ClCompile>
    <ClCompile Include="ChunkData.cpp">
      <Filter>Main</Filter>
    </ClCompile>
    <ClCompile Include="Utils.cpp">
      <Filter>Utils</Filter>
    </ClCompile>
    <ClCompile Include="..\third-party\nbt-from-lxl\NBT.cpp">
      <Filter>third-party</Filter>
    </ClCompile>
    <ClCompile Include="DBLogger.cpp">
      <Filter>Utils</Filter>
    </ClCompile>
    <ClCompile Include="DBStorage.cpp">
      <Filter>Core</Filter>
    </ClCompile>
  </ItemGroup>
  <ItemGroup>
    <Library Include="..\lib\LiteLoader.lib">
      <Filter>Lib</Filter>
    </Library>
    <Library Include="..\third-party\nbt-cpp\lib\nbt-cpp.lib">
      <Filter>Lib</Filter>
    </Library>
  </ItemGroup>
</Project>