<?xml version="1.0" encoding="utf-8"?>
<Project ToolsVersion="4.0" xmlns="http://schemas.microsoft.com/developer/msbuild/2003">
  <ItemGroup>
    <Filter Include="资源文件">
      <UniqueIdentifier>{67DA6AB6-F800-4c08-8B7A-83BB121AAD01}</UniqueIdentifier>
      <Extensions>rc;ico;cur;bmp;dlg;rc2;rct;bin;rgs;gif;jpg;jpeg;jpe;resx;tiff;tif;png;wav;mfcribbon-ms</Extensions>
    </Filter>
    <Filter Include="Other">
      <UniqueIdentifier>{019af171-af7e-4742-bbb8-c4cdde9cf954}</UniqueIdentifier>
    </Filter>
    <Filter Include="Main">
      <UniqueIdentifier>{f80895f6-6b85-48ec-b51f-c9e7a1f17909}</UniqueIdentifier>
    </Filter>
    <Filter Include="Lib">
      <UniqueIdentifier>{d58ea751-69f3-48f6-8bbb-04e660b4fa62}</UniqueIdentifier>
    </Filter>
    <Filter Include="third-party">
      <UniqueIdentifier>{7db85d5d-e805-454d-81d2-1120a28cfd88}</UniqueIdentifier>
    </Filter>
    <Filter Include="Util">
      <UniqueIdentifier>{12678677-01b3-41c5-ae21-e156905ceed3}</UniqueIdentifier>
    </Filter>
    <Filter Include="Enum">
      <UniqueIdentifier>{a31d4a67-9866-4a93-9d08-24b0eb09f0e8}</UniqueIdentifier>
    </Filter>
    <Filter Include="Recipe">
      <UniqueIdentifier>{eaae59ae-418f-4c61-aff7-d67e71b662b2}</UniqueIdentifier>
    </Filter>
    <Filter Include="Texture">
      <UniqueIdentifier>{b9fadccf-f46f-4d8c-9502-010d0eda1e21}</UniqueIdentifier>
    </Filter>
    <Filter Include="structure">
      <UniqueIdentifier>{739aceb9-fc02-44a2-b205-515bcb4c2c83}</UniqueIdentifier>
    </Filter>
  </ItemGroup>
  <ItemGroup>
    <ClInclude Include="framework.h">
      <Filter>Other</Filter>
    </ClInclude>
    <ClInclude Include="pch.h">
      <Filter>Main</Filter>
    </ClInclude>
    <ClInclude Include="SymHelper.h">
      <Filter>Util</Filter>
    </ClInclude>
    <ClInclude Include="BlockType.h">
      <Filter>Enum</Filter>
    </ClInclude>
    <ClInclude Include="EnumGen.h">
      <Filter>Enum</Filter>
    </ClInclude>
    <ClInclude Include="TempEnum.h">
      <Filter>Enum</Filter>
    </ClInclude>
    <ClInclude Include="RecipeHook.h">
      <Filter>Recipe</Filter>
    </ClInclude>
    <ClInclude Include="StrHelper.h">
      <Filter>Util</Filter>
    </ClInclude>
    <ClInclude Include="TextureTest.h">
      <Filter>Texture</Filter>
    </ClInclude>
    <ClInclude Include="CraftingLogger.h">
      <Filter>Recipe</Filter>
    </ClInclude>
    <ClInclude Include="ActorFlags.h">
      <Filter>Enum</Filter>
    </ClInclude>
    <ClInclude Include="McStructure.h">
      <Filter>structure</Filter>
    </ClInclude>
  </ItemGroup>
  <ItemGroup>
    <ClCompile Include="pch.cpp">
      <Filter>Other</Filter>
    </ClCompile>
    <ClCompile Include="dllmain.cpp">
      <Filter>Other</Filter>
    </ClCompile>
    <ClCompile Include="..\third-party\nbt-from-lxl\NBT.cpp">
      <Filter>third-party</Filter>
    </ClCompile>
    <ClCompile Include="Main.cpp">
      <Filter>Main</Filter>
    </ClCompile>
    <ClCompile Include="SymHelper.cpp">
      <Filter>Util</Filter>
    </ClCompile>
    <ClCompile Include="EnumGen.cpp">
      <Filter>Enum</Filter>
    </ClCompile>
    <ClCompile Include="RecipeHook.cpp">
      <Filter>Recipe</Filter>
    </ClCompile>
    <ClCompile Include="StrHelper.cpp">
      <Filter>Util</Filter>
    </ClCompile>
    <ClCompile Include="TextureTest.cpp">
      <Filter>Texture</Filter>
    </ClCompile>
    <ClCompile Include="CraftingLogger.cpp">
      <Filter>Recipe</Filter>
    </ClCompile>
    <ClCompile Include="McStructure.cpp">
      <Filter>structure</Filter>
    </ClCompile>
  </ItemGroup>
  <ItemGroup>
    <Library Include="..\third-party\nbt-cpp\lib\nbt-cpp.lib">
      <Filter>Lib</Filter>
    </Library>
    <Library Include="..\lib\LiteLoader.lib">
      <Filter>Lib</Filter>
    </Library>
  </ItemGroup>
  <ItemGroup>
    <Text Include="assignBlocks.txt">
      <Filter>资源文件</Filter>
    </Text>
  </ItemGroup>
  <ItemGroup>
    <None Include="cpp.hint" />
  </ItemGroup>
</Project>